
Microsoft Visual Studio Solution File, Format Version 12.00
# Visual Studio 15
VisualStudioVersion = 15.0.28307.136
MinimumVisualStudioVersion = 10.0.40219.1
Project("{00D1A9C2-B5F0-4AF3-8072-F6C62B433612}") = "OrgaSYS", "OrgaSYS\OrgaSYS.sqlproj", "{422FD04F-5CB5-44FD-BE02-62CF28A88ECD}"
EndProject
Global
	GlobalSection(SolutionConfigurationPlatforms) = preSolution
		Debug|Any CPU = Debug|Any CPU
		Release|Any CPU = Release|Any CPU
	EndGlobalSection
	GlobalSection(ProjectConfigurationPlatforms) = postSolution
		{422FD04F-5CB5-44FD-BE02-62CF28A88ECD}.Debug|Any CPU.ActiveCfg = Debug|Any CPU
		{422FD04F-5CB5-44FD-BE02-62CF28A88ECD}.Debug|Any CPU.Build.0 = Debug|Any CPU
		{422FD04F-5CB5-44FD-BE02-62CF28A88ECD}.Debug|Any CPU.Deploy.0 = Debug|Any CPU
		{422FD04F-5CB5-44FD-BE02-62CF28A88ECD}.Release|Any CPU.ActiveCfg = Release|Any CPU
		{422FD04F-5CB5-44FD-BE02-62CF28A88ECD}.Release|Any CPU.Build.0 = Release|Any CPU
		{422FD04F-5CB5-44FD-BE02-62CF28A88ECD}.Release|Any CPU.Deploy.0 = Release|Any CPU
	EndGlobalSection
	GlobalSection(SolutionProperties) = preSolution
		HideSolutionNode = FALSE
	EndGlobalSection
	GlobalSection(ExtensibilityGlobals) = postSolution
		SolutionGuid = {E711DCB2-7380-49A8-A52B-A35624C6F6F4}
	EndGlobalSection
EndGlobal
